
Microsoft Visual Studio Solution File, Format Version 12.00
# Visual Studio 15
VisualStudioVersion = 15.0.28307.168
MinimumVisualStudioVersion = 10.0.40219.1
Project("{FAE04EC0-301F-11D3-BF4B-00C04F79EFBC}") = "Patcher", "Patcher\Patcher.csproj", "{76B834A5-1AA7-445E-808C-5E90AB0F7CA6}"
EndProject
Project("{FAE04EC0-301F-11D3-BF4B-00C04F79EFBC}") = "Utils", "E:\Project\Macro\Utils\Utils.csproj", "{DA7E0725-F356-48BC-B586-4CD4DEA35803}"
EndProject
Project("{2150E333-8FDC-42A3-9474-1A3956D46DE8}") = "Solution Items", "Solution Items", "{EE287363-6B76-4F95-B0B1-652E01390A9F}"
	ProjectSection(SolutionItems) = preProject
		PatchList.json = PatchList.json
	EndProjectSection
EndProject
Global
	GlobalSection(SolutionConfigurationPlatforms) = preSolution
		Debug|Any CPU = Debug|Any CPU
		Debug|x64 = Debug|x64
		Debug|x86 = Debug|x86
		Release|Any CPU = Release|Any CPU
		Release|x64 = Release|x64
		Release|x86 = Release|x86
	EndGlobalSection
	GlobalSection(ProjectConfigurationPlatforms) = postSolution
		{76B834A5-1AA7-445E-808C-5E90AB0F7CA6}.Debug|Any CPU.ActiveCfg = Debug|Any CPU
		{76B834A5-1AA7-445E-808C-5E90AB0F7CA6}.Debug|Any CPU.Build.0 = Debug|Any CPU
		{76B834A5-1AA7-445E-808C-5E90AB0F7CA6}.Debug|x64.ActiveCfg = Debug|Any CPU
		{76B834A5-1AA7-445E-808C-5E90AB0F7CA6}.Debug|x64.Build.0 = Debug|Any CPU
		{76B834A5-1AA7-445E-808C-5E90AB0F7CA6}.Debug|x86.ActiveCfg = Debug|Any CPU
		{76B834A5-1AA7-445E-808C-5E90AB0F7CA6}.Debug|x86.Build.0 = Debug|Any CPU
		{76B834A5-1AA7-445E-808C-5E90AB0F7CA6}.Release|Any CPU.ActiveCfg = Release|Any CPU
		{76B834A5-1AA7-445E-808C-5E90AB0F7CA6}.Release|Any CPU.Build.0 = Release|Any CPU
		{76B834A5-1AA7-445E-808C-5E90AB0F7CA6}.Release|x64.ActiveCfg = Release|Any CPU
		{76B834A5-1AA7-445E-808C-5E90AB0F7CA6}.Release|x64.Build.0 = Release|Any CPU
		{76B834A5-1AA7-445E-808C-5E90AB0F7CA6}.Release|x86.ActiveCfg = Release|Any CPU
		{76B834A5-1AA7-445E-808C-5E90AB0F7CA6}.Release|x86.Build.0 = Release|Any CPU
		{DA7E0725-F356-48BC-B586-4CD4DEA35803}.Debug|Any CPU.ActiveCfg = Debug|Any CPU
		{DA7E0725-F356-48BC-B586-4CD4DEA35803}.Debug|Any CPU.Build.0 = Debug|Any CPU
		{DA7E0725-F356-48BC-B586-4CD4DEA35803}.Debug|x64.ActiveCfg = Debug|x64
		{DA7E0725-F356-48BC-B586-4CD4DEA35803}.Debug|x64.Build.0 = Debug|x64
		{DA7E0725-F356-48BC-B586-4CD4DEA35803}.Debug|x86.ActiveCfg = Debug|x86
		{DA7E0725-F356-48BC-B586-4CD4DEA35803}.Debug|x86.Build.0 = Debug|x86
		{DA7E0725-F356-48BC-B586-4CD4DEA35803}.Release|Any CPU.ActiveCfg = Release|Any CPU
		{DA7E0725-F356-48BC-B586-4CD4DEA35803}.Release|Any CPU.Build.0 = Release|Any CPU
		{DA7E0725-F356-48BC-B586-4CD4DEA35803}.Release|x64.ActiveCfg = Release|x64
		{DA7E0725-F356-48BC-B586-4CD4DEA35803}.Release|x64.Build.0 = Release|x64
		{DA7E0725-F356-48BC-B586-4CD4DEA35803}.Release|x86.ActiveCfg = Release|x86
		{DA7E0725-F356-48BC-B586-4CD4DEA35803}.Release|x86.Build.0 = Release|x86
	EndGlobalSection
	GlobalSection(SolutionProperties) = preSolution
		HideSolutionNode = FALSE
	EndGlobalSection
	GlobalSection(ExtensibilityGlobals) = postSolution
		SolutionGuid = {CCC2CF2E-AA2F-46F8-9ABC-03B15B710508}
	EndGlobalSection
EndGlobal
